{
    "name": "vscode-language-tree",
    "version": "0.0.12",
    "lockfileVersion": 2,
    "requires": true,
    "packages": {
        "": {
            "name": "vscode-language-tree",
            "version": "0.0.12",
            "dependencies": {
                "mol_tree2": "^1.0.242"
            },
            "devDependencies": {
                "@types/node": "^18.15.9",
                "@types/vscode": "^1.76.0",
                "typescript": "^5.0.2"
            },
            "engines": {
                "vscode": "^1.76.0"
            }
        },
        "node_modules/@types/node": {
            "version": "18.15.9",
            "resolved": "https://registry.npmjs.org/@types/node/-/node-18.15.9.tgz",
            "integrity": "sha512-dUxhiNzBLr6IqlZXz6e/rN2YQXlFgOei/Dxy+e3cyXTJ4txSUbGT2/fmnD6zd/75jDMeW5bDee+YXxlFKHoV0A==",
            "dev": true
        },
        "node_modules/@types/vscode": {
            "version": "1.76.0",
            "resolved": "https://registry.npmjs.org/@types/vscode/-/vscode-1.76.0.tgz",
            "integrity": "sha512-CQcY3+Fe5hNewHnOEAVYj4dd1do/QHliXaknAEYSXx2KEHUzFibDZSKptCon+HPgK55xx20pR+PBJjf0MomnBA==",
            "dev": true
        },
        "node_modules/mol_tree2": {
            "version": "1.0.242",
            "resolved": "https://registry.npmjs.org/mol_tree2/-/mol_tree2-1.0.242.tgz",
            "integrity": "sha512-WAEPrT/FKfTqm2UijDcjK/Y2eGSlFna0ztbfE7ipQECUgIoNhCOFGZxcQMfiCY3SwOHzPGdtLoH3ndwGYn3kkQ=="
        },
        "node_modules/typescript": {
            "version": "5.0.2",
            "resolved": "https://registry.npmjs.org/typescript/-/typescript-5.0.2.tgz",
            "integrity": "sha512-wVORMBGO/FAs/++blGNeAVdbNKtIh1rbBL2EyQ1+J9lClJ93KiiKe8PmFIVdXhHcyv44SL9oglmfeSsndo0jRw==",
            "dev": true,
            "bin": {
                "tsc": "bin/tsc",
                "tsserver": "bin/tsserver"
            },
            "engines": {
                "node": ">=12.20"
            }
        }
    },
    "dependencies": {
        "@types/node": {
            "version": "18.15.9",
            "resolved": "https://registry.npmjs.org/@types/node/-/node-18.15.9.tgz",
            "integrity": "sha512-dUxhiNzBLr6IqlZXz6e/rN2YQXlFgOei/Dxy+e3cyXTJ4txSUbGT2/fmnD6zd/75jDMeW5bDee+YXxlFKHoV0A==",
            "dev": true
        },
        "@types/vscode": {
            "version": "1.76.0",
            "resolved": "https://registry.npmjs.org/@types/vscode/-/vscode-1.76.0.tgz",
            "integrity": "sha512-CQcY3+Fe5hNewHnOEAVYj4dd1do/QHliXaknAEYSXx2KEHUzFibDZSKptCon+HPgK55xx20pR+PBJjf0MomnBA==",
            "dev": true
        },
        "mol_tree2": {
            "version": "1.0.242",
            "resolved": "https://registry.npmjs.org/mol_tree2/-/mol_tree2-1.0.242.tgz",
            "integrity": "sha512-WAEPrT/FKfTqm2UijDcjK/Y2eGSlFna0ztbfE7ipQECUgIoNhCOFGZxcQMfiCY3SwOHzPGdtLoH3ndwGYn3kkQ=="
        },
        "typescript": {
            "version": "5.0.2",
            "resolved": "https://registry.npmjs.org/typescript/-/typescript-5.0.2.tgz",
            "integrity": "sha512-wVORMBGO/FAs/++blGNeAVdbNKtIh1rbBL2EyQ1+J9lClJ93KiiKe8PmFIVdXhHcyv44SL9oglmfeSsndo0jRw==",
            "dev": true
        }
    }
}
